
Microsoft Visual Studio Solution File, Format Version 12.00
Project("{FAE04EC0-301F-11D3-BF4B-00C04F79EFBC}") = "WebApi", "WebApi\WebApi.csproj", "{EBAEEF76-F11B-4FAE-BED9-BD4B13D98A87}"
EndProject
Project("{FAE04EC0-301F-11D3-BF4B-00C04F79EFBC}") = "Entities", "Entities\Entities.csproj", "{651CD786-D0DE-4978-AD80-E8C0A07E6198}"
EndProject
Project("{FAE04EC0-301F-11D3-BF4B-00C04F79EFBC}") = "Repositories", "Repositories\Repositories.csproj", "{55DC8882-BD9E-4801-AAEB-1DC7AF2551F0}"
EndProject
Project("{FAE04EC0-301F-11D3-BF4B-00C04F79EFBC}") = "Services", "Services\Services.csproj", "{E06F92D6-EE3A-4423-A002-8B113C200BA0}"
EndProject
Global
	GlobalSection(SolutionConfigurationPlatforms) = preSolution
		Debug|Any CPU = Debug|Any CPU
		Release|Any CPU = Release|Any CPU
	EndGlobalSection
	GlobalSection(ProjectConfigurationPlatforms) = postSolution
		{EBAEEF76-F11B-4FAE-BED9-BD4B13D98A87}.Debug|Any CPU.ActiveCfg = Debug|Any CPU
		{EBAEEF76-F11B-4FAE-BED9-BD4B13D98A87}.Debug|Any CPU.Build.0 = Debug|Any CPU
		{EBAEEF76-F11B-4FAE-BED9-BD4B13D98A87}.Release|Any CPU.ActiveCfg = Release|Any CPU
		{EBAEEF76-F11B-4FAE-BED9-BD4B13D98A87}.Release|Any CPU.Build.0 = Release|Any CPU
		{EBAEEF76-F11B-4FAE-BED9-BD4B13D98A87}.Debug|Any CPU.Deploy.0 = Debug|Any CPU
		{651CD786-D0DE-4978-AD80-E8C0A07E6198}.Debug|Any CPU.ActiveCfg = Debug|Any CPU
		{651CD786-D0DE-4978-AD80-E8C0A07E6198}.Debug|Any CPU.Build.0 = Debug|Any CPU
		{651CD786-D0DE-4978-AD80-E8C0A07E6198}.Release|Any CPU.ActiveCfg = Release|Any CPU
		{651CD786-D0DE-4978-AD80-E8C0A07E6198}.Release|Any CPU.Build.0 = Release|Any CPU
		{651CD786-D0DE-4978-AD80-E8C0A07E6198}.Debug|Any CPU.Deploy.0 = Debug|Any CPU
		{55DC8882-BD9E-4801-AAEB-1DC7AF2551F0}.Debug|Any CPU.ActiveCfg = Debug|Any CPU
		{55DC8882-BD9E-4801-AAEB-1DC7AF2551F0}.Debug|Any CPU.Build.0 = Debug|Any CPU
		{55DC8882-BD9E-4801-AAEB-1DC7AF2551F0}.Release|Any CPU.ActiveCfg = Release|Any CPU
		{55DC8882-BD9E-4801-AAEB-1DC7AF2551F0}.Release|Any CPU.Build.0 = Release|Any CPU
		{55DC8882-BD9E-4801-AAEB-1DC7AF2551F0}.Debug|Any CPU.Deploy.0 = Debug|Any CPU
		{E06F92D6-EE3A-4423-A002-8B113C200BA0}.Debug|Any CPU.ActiveCfg = Debug|Any CPU
		{E06F92D6-EE3A-4423-A002-8B113C200BA0}.Debug|Any CPU.Build.0 = Debug|Any CPU
		{E06F92D6-EE3A-4423-A002-8B113C200BA0}.Release|Any CPU.ActiveCfg = Release|Any CPU
		{E06F92D6-EE3A-4423-A002-8B113C200BA0}.Release|Any CPU.Build.0 = Release|Any CPU
		{E06F92D6-EE3A-4423-A002-8B113C200BA0}.Debug|Any CPU.Deploy.0 = Debug|Any CPU
	EndGlobalSection
EndGlobal
